
Microsoft Visual Studio Solution File, Format Version 12.00
# Visual Studio Version 16
VisualStudioVersion = 16.0.29424.173
MinimumVisualStudioVersion = 10.0.40219.1
Project("{888888A0-9F3D-457C-B088-3A5042F75D52}") = "ConvexHull(Jarvis match)", "ConvexHull(Jarvis match)\ConvexHull(Jarvis match).pyproj", "{DBB23D61-6D15-4732-9264-26360B9837FE}"
EndProject
Global
	GlobalSection(SolutionConfigurationPlatforms) = preSolution
		Debug|Any CPU = Debug|Any CPU
		Release|Any CPU = Release|Any CPU
	EndGlobalSection
	GlobalSection(ProjectConfigurationPlatforms) = postSolution
		{DBB23D61-6D15-4732-9264-26360B9837FE}.Debug|Any CPU.ActiveCfg = Debug|Any CPU
		{DBB23D61-6D15-4732-9264-26360B9837FE}.Release|Any CPU.ActiveCfg = Release|Any CPU
	EndGlobalSection
	GlobalSection(SolutionProperties) = preSolution
		HideSolutionNode = FALSE
	EndGlobalSection
	GlobalSection(ExtensibilityGlobals) = postSolution
		SolutionGuid = {A5DBA7AE-6D0A-460C-A836-D071EEA65279}
	EndGlobalSection
EndGlobal
